
Microsoft Visual Studio Solution File, Format Version 12.00
# Visual Studio Version 17
VisualStudioVersion = 17.10.35013.160
MinimumVisualStudioVersion = 10.0.40219.1
Project("{8BC9CEB8-8B4A-11D0-8D11-00A0C91BC942}") = "dumb", "dumb\dumb.vcxproj", "{E3E04987-08F0-4763-BA95-8D6F5AFC136A}"
EndProject
Project("{8BC9CEB8-8B4A-11D0-8D11-00A0C91BC942}") = "Client", "Client\Client.vcxproj", "{AC1E3285-10A9-49FB-AA17-381103A95664}"
EndProject
Project("{8BC9CEB8-8B4A-11D0-8D11-00A0C91BC942}") = "Net", "Net\Net.vcxproj", "{A2C79D8F-F788-4D31-8DDD-68436980C844}"
EndProject
Global
	GlobalSection(SolutionConfigurationPlatforms) = preSolution
		Debug|x64 = Debug|x64
		Debug|x86 = Debug|x86
		Release|x64 = Release|x64
		Release|x86 = Release|x86
	EndGlobalSection
	GlobalSection(ProjectConfigurationPlatforms) = postSolution
		{E3E04987-08F0-4763-BA95-8D6F5AFC136A}.Debug|x64.ActiveCfg = Debug|x64
		{E3E04987-08F0-4763-BA95-8D6F5AFC136A}.Debug|x64.Build.0 = Debug|x64
		{E3E04987-08F0-4763-BA95-8D6F5AFC136A}.Debug|x86.ActiveCfg = Debug|Win32
		{E3E04987-08F0-4763-BA95-8D6F5AFC136A}.Debug|x86.Build.0 = Debug|Win32
		{E3E04987-08F0-4763-BA95-8D6F5AFC136A}.Release|x64.ActiveCfg = Release|x64
		{E3E04987-08F0-4763-BA95-8D6F5AFC136A}.Release|x64.Build.0 = Release|x64
		{E3E04987-08F0-4763-BA95-8D6F5AFC136A}.Release|x86.ActiveCfg = Release|Win32
		{E3E04987-08F0-4763-BA95-8D6F5AFC136A}.Release|x86.Build.0 = Release|Win32
		{AC1E3285-10A9-49FB-AA17-381103A95664}.Debug|x64.ActiveCfg = Debug|x64
		{AC1E3285-10A9-49FB-AA17-381103A95664}.Debug|x64.Build.0 = Debug|x64
		{AC1E3285-10A9-49FB-AA17-381103A95664}.Debug|x86.ActiveCfg = Debug|Win32
		{AC1E3285-10A9-49FB-AA17-381103A95664}.Debug|x86.Build.0 = Debug|Win32
		{AC1E3285-10A9-49FB-AA17-381103A95664}.Release|x64.ActiveCfg = Release|x64
		{AC1E3285-10A9-49FB-AA17-381103A95664}.Release|x64.Build.0 = Release|x64
		{AC1E3285-10A9-49FB-AA17-381103A95664}.Release|x86.ActiveCfg = Release|Win32
		{AC1E3285-10A9-49FB-AA17-381103A95664}.Release|x86.Build.0 = Release|Win32
		{A2C79D8F-F788-4D31-8DDD-68436980C844}.Debug|x64.ActiveCfg = Debug|x64
		{A2C79D8F-F788-4D31-8DDD-68436980C844}.Debug|x64.Build.0 = Debug|x64
		{A2C79D8F-F788-4D31-8DDD-68436980C844}.Debug|x86.ActiveCfg = Debug|Win32
		{A2C79D8F-F788-4D31-8DDD-68436980C844}.Debug|x86.Build.0 = Debug|Win32
		{A2C79D8F-F788-4D31-8DDD-68436980C844}.Release|x64.ActiveCfg = Release|x64
		{A2C79D8F-F788-4D31-8DDD-68436980C844}.Release|x64.Build.0 = Release|x64
		{A2C79D8F-F788-4D31-8DDD-68436980C844}.Release|x86.ActiveCfg = Release|Win32
		{A2C79D8F-F788-4D31-8DDD-68436980C844}.Release|x86.Build.0 = Release|Win32
	EndGlobalSection
	GlobalSection(SolutionProperties) = preSolution
		HideSolutionNode = FALSE
	EndGlobalSection
	GlobalSection(ExtensibilityGlobals) = postSolution
		SolutionGuid = {FD280E64-EBDF-4530-B23B-3C2D8285D0C6}
	EndGlobalSection
EndGlobal
